
Microsoft Visual Studio Solution File, Format Version 12.00
# Visual Studio 2013
VisualStudioVersion = 12.0.21005.1
MinimumVisualStudioVersion = 10.0.40219.1
Project("{FAE04EC0-301F-11D3-BF4B-00C04F79EFBC}") = "StudentSystem.Models", "StudentSystem.Models\StudentSystem.Models.csproj", "{0C4F61C9-4E19-4D8B-BEBC-6127C5D1831F}"
EndProject
Project("{FAE04EC0-301F-11D3-BF4B-00C04F79EFBC}") = "StudentSytem.Data", "StudentSytem.Data\StudentSytem.Data.csproj", "{06343602-6412-449C-B7FB-221636261ECB}"
EndProject
Project("{FAE04EC0-301F-11D3-BF4B-00C04F79EFBC}") = "StudentSystem.ConsoleClient", "StudentSystem.ConsoleClient\StudentSystem.ConsoleClient.csproj", "{82A47D2C-8C61-4FED-8B74-72D51B62BA97}"
EndProject
Global
	GlobalSection(SolutionConfigurationPlatforms) = preSolution
		Debug|Any CPU = Debug|Any CPU
		Release|Any CPU = Release|Any CPU
	EndGlobalSection
	GlobalSection(ProjectConfigurationPlatforms) = postSolution
		{0C4F61C9-4E19-4D8B-BEBC-6127C5D1831F}.Debug|Any CPU.ActiveCfg = Debug|Any CPU
		{0C4F61C9-4E19-4D8B-BEBC-6127C5D1831F}.Debug|Any CPU.Build.0 = Debug|Any CPU
		{0C4F61C9-4E19-4D8B-BEBC-6127C5D1831F}.Release|Any CPU.ActiveCfg = Release|Any CPU
		{0C4F61C9-4E19-4D8B-BEBC-6127C5D1831F}.Release|Any CPU.Build.0 = Release|Any CPU
		{06343602-6412-449C-B7FB-221636261ECB}.Debug|Any CPU.ActiveCfg = Debug|Any CPU
		{06343602-6412-449C-B7FB-221636261ECB}.Debug|Any CPU.Build.0 = Debug|Any CPU
		{06343602-6412-449C-B7FB-221636261ECB}.Release|Any CPU.ActiveCfg = Release|Any CPU
		{06343602-6412-449C-B7FB-221636261ECB}.Release|Any CPU.Build.0 = Release|Any CPU
		{82A47D2C-8C61-4FED-8B74-72D51B62BA97}.Debug|Any CPU.ActiveCfg = Debug|Any CPU
		{82A47D2C-8C61-4FED-8B74-72D51B62BA97}.Debug|Any CPU.Build.0 = Debug|Any CPU
		{82A47D2C-8C61-4FED-8B74-72D51B62BA97}.Release|Any CPU.ActiveCfg = Release|Any CPU
		{82A47D2C-8C61-4FED-8B74-72D51B62BA97}.Release|Any CPU.Build.0 = Release|Any CPU
	EndGlobalSection
	GlobalSection(SolutionProperties) = preSolution
		HideSolutionNode = FALSE
	EndGlobalSection
EndGlobal
