
Microsoft Visual Studio Solution File, Format Version 12.00
# Visual Studio 2013
VisualStudioVersion = 12.0.21005.1
MinimumVisualStudioVersion = 10.0.40219.1
Project("{FAE04EC0-301F-11D3-BF4B-00C04F79EFBC}") = "CalcDistanceSOAPService", "CalcDistanceSOAPService\CalcDistanceSOAPService.csproj", "{4E25CBA1-5653-4D0A-ADC6-D1489E40BB8D}"
EndProject
Project("{FAE04EC0-301F-11D3-BF4B-00C04F79EFBC}") = "ConsoleClientTestSOAPService", "ConsoleClientTestSOAPService\ConsoleClientTestSOAPService.csproj", "{D3F6331F-A3F9-4C7F-B801-39EE9BAC4FAE}"
	ProjectSection(ProjectDependencies) = postProject
		{4E25CBA1-5653-4D0A-ADC6-D1489E40BB8D} = {4E25CBA1-5653-4D0A-ADC6-D1489E40BB8D}
	EndProjectSection
EndProject
Project("{FAE04EC0-301F-11D3-BF4B-00C04F79EFBC}") = "WebApplicationRESTService", "WebApplicationRESTService\WebApplicationRESTService.csproj", "{50BBEA1F-B90B-4B24-831D-240A3A1C1EE7}"
EndProject
Project("{FAE04EC0-301F-11D3-BF4B-00C04F79EFBC}") = "ConsoleClientRestTest", "ConsoleClientRestTest\ConsoleClientRestTest.csproj", "{211DCDF1-F226-4700-A41A-684C83F9BC75}"
EndProject
Global
	GlobalSection(SolutionConfigurationPlatforms) = preSolution
		Debug|Any CPU = Debug|Any CPU
		Release|Any CPU = Release|Any CPU
	EndGlobalSection
	GlobalSection(ProjectConfigurationPlatforms) = postSolution
		{4E25CBA1-5653-4D0A-ADC6-D1489E40BB8D}.Debug|Any CPU.ActiveCfg = Debug|Any CPU
		{4E25CBA1-5653-4D0A-ADC6-D1489E40BB8D}.Debug|Any CPU.Build.0 = Debug|Any CPU
		{4E25CBA1-5653-4D0A-ADC6-D1489E40BB8D}.Release|Any CPU.ActiveCfg = Release|Any CPU
		{4E25CBA1-5653-4D0A-ADC6-D1489E40BB8D}.Release|Any CPU.Build.0 = Release|Any CPU
		{D3F6331F-A3F9-4C7F-B801-39EE9BAC4FAE}.Debug|Any CPU.ActiveCfg = Debug|Any CPU
		{D3F6331F-A3F9-4C7F-B801-39EE9BAC4FAE}.Debug|Any CPU.Build.0 = Debug|Any CPU
		{D3F6331F-A3F9-4C7F-B801-39EE9BAC4FAE}.Release|Any CPU.ActiveCfg = Release|Any CPU
		{D3F6331F-A3F9-4C7F-B801-39EE9BAC4FAE}.Release|Any CPU.Build.0 = Release|Any CPU
		{50BBEA1F-B90B-4B24-831D-240A3A1C1EE7}.Debug|Any CPU.ActiveCfg = Debug|Any CPU
		{50BBEA1F-B90B-4B24-831D-240A3A1C1EE7}.Debug|Any CPU.Build.0 = Debug|Any CPU
		{50BBEA1F-B90B-4B24-831D-240A3A1C1EE7}.Release|Any CPU.ActiveCfg = Release|Any CPU
		{50BBEA1F-B90B-4B24-831D-240A3A1C1EE7}.Release|Any CPU.Build.0 = Release|Any CPU
		{211DCDF1-F226-4700-A41A-684C83F9BC75}.Debug|Any CPU.ActiveCfg = Debug|Any CPU
		{211DCDF1-F226-4700-A41A-684C83F9BC75}.Debug|Any CPU.Build.0 = Debug|Any CPU
		{211DCDF1-F226-4700-A41A-684C83F9BC75}.Release|Any CPU.ActiveCfg = Release|Any CPU
		{211DCDF1-F226-4700-A41A-684C83F9BC75}.Release|Any CPU.Build.0 = Release|Any CPU
	EndGlobalSection
	GlobalSection(SolutionProperties) = preSolution
		HideSolutionNode = FALSE
	EndGlobalSection
EndGlobal
